
Microsoft Visual Studio Solution File, Format Version 11.00
# Visual Studio 2010
Project("{8BC9CEB8-8B4A-11D0-8D11-00A0C91BC942}") = "Chord", "Chord\Chord.vcxproj", "{4D7400AD-02D6-4094-A02F-25F7A1630B39}"
EndProject
Project("{8BC9CEB8-8B4A-11D0-8D11-00A0C91BC942}") = "kadmelia", "..\kadmelia\kadmelia\kadmelia.vcxproj", "{1201029E-5EFD-4B91-A8CF-76F93E5E62AC}"
EndProject
Global
	GlobalSection(SolutionConfigurationPlatforms) = preSolution
		Debug|Win32 = Debug|Win32
		Release|Win32 = Release|Win32
	EndGlobalSection
	GlobalSection(ProjectConfigurationPlatforms) = postSolution
		{4D7400AD-02D6-4094-A02F-25F7A1630B39}.Debug|Win32.ActiveCfg = Debug|Win32
		{4D7400AD-02D6-4094-A02F-25F7A1630B39}.Debug|Win32.Build.0 = Debug|Win32
		{4D7400AD-02D6-4094-A02F-25F7A1630B39}.Release|Win32.ActiveCfg = Release|Win32
		{4D7400AD-02D6-4094-A02F-25F7A1630B39}.Release|Win32.Build.0 = Release|Win32
		{1201029E-5EFD-4B91-A8CF-76F93E5E62AC}.Debug|Win32.ActiveCfg = Debug|Win32
		{1201029E-5EFD-4B91-A8CF-76F93E5E62AC}.Debug|Win32.Build.0 = Debug|Win32
		{1201029E-5EFD-4B91-A8CF-76F93E5E62AC}.Release|Win32.ActiveCfg = Release|Win32
		{1201029E-5EFD-4B91-A8CF-76F93E5E62AC}.Release|Win32.Build.0 = Release|Win32
	EndGlobalSection
	GlobalSection(SolutionProperties) = preSolution
		HideSolutionNode = FALSE
	EndGlobalSection
EndGlobal
